// !$*UTF8*$!
{
	archiveVersion = 1;
	classes = {
	};
	objectVersion = 46;
	objects = {

/* Begin PBXBuildFile section */
		845A73921D48D89E00E95A71 /* DetailTabBarViewController.swift in Sources */ = {isa = PBXBuildFile; fileRef = 845A73901D48D89E00E95A71 /* DetailTabBarViewController.swift */; };
		845A73931D48D89E00E95A71 /* DetailTabBarViewController.xib in Resources */ = {isa = PBXBuildFile; fileRef = 845A73911D48D89E00E95A71 /* DetailTabBarViewController.xib */; };
		845A73961D48D9DB00E95A71 /* DetailTableViewController.swift in Sources */ = {isa = PBXBuildFile; fileRef = 845A73941D48D9DB00E95A71 /* DetailTableViewController.swift */; };
		845A739A1D48DA0200E95A71 /* CommentsTableViewController.swift in Sources */ = {isa = PBXBuildFile; fileRef = 845A73981D48DA0200E95A71 /* CommentsTableViewController.swift */; };
		845A739B1D48DA0200E95A71 /* CommentsTableViewController.xib in Resources */ = {isa = PBXBuildFile; fileRef = 845A73991D48DA0200E95A71 /* CommentsTableViewController.xib */; };
		845A73A11D48E1AD00E95A71 /* detailcomponent.storyboard in Resources */ = {isa = PBXBuildFile; fileRef = 845A73A01D48E1AD00E95A71 /* detailcomponent.storyboard */; };
		845A73A31D48F34700E95A71 /* Attachment.swift in Sources */ = {isa = PBXBuildFile; fileRef = 845A73A21D48F34700E95A71 /* Attachment.swift */; };
		845A73A51D48F4D800E95A71 /* DetailBaseComponent.swift in Sources */ = {isa = PBXBuildFile; fileRef = 845A73A41D48F4D800E95A71 /* DetailBaseComponent.swift */; };
		845A73A71D48F88900E95A71 /* DetailTaskComponent.swift in Sources */ = {isa = PBXBuildFile; fileRef = 845A73A61D48F88900E95A71 /* DetailTaskComponent.swift */; };
		845A73A91D48F98500E95A71 /* User.swift in Sources */ = {isa = PBXBuildFile; fileRef = 845A73A81D48F98500E95A71 /* User.swift */; };
		846A66261D3E58B20015CCFB /* ErrorMess.swift in Sources */ = {isa = PBXBuildFile; fileRef = 846A66251D3E58B20015CCFB /* ErrorMess.swift */; };
		846A66281D3E5A5B0015CCFB /* CommonMess.swift in Sources */ = {isa = PBXBuildFile; fileRef = 846A66271D3E5A5B0015CCFB /* CommonMess.swift */; };
		846A662A1D3E6A4E0015CCFB /* IncoApi.swift in Sources */ = {isa = PBXBuildFile; fileRef = 846A66291D3E6A4E0015CCFB /* IncoApi.swift */; };
		846A662C1D3E7C560015CCFB /* IncoResponse.swift in Sources */ = {isa = PBXBuildFile; fileRef = 846A662B1D3E7C560015CCFB /* IncoResponse.swift */; };
		846BBA3A1D4F78F100E7C020 /* CompanyTableViewController.swift in Sources */ = {isa = PBXBuildFile; fileRef = 846BBA391D4F78F100E7C020 /* CompanyTableViewController.swift */; };
		846DAF581D445B65008D8D5F /* LoadingMoreCell.swift in Sources */ = {isa = PBXBuildFile; fileRef = 846DAF561D445B65008D8D5F /* LoadingMoreCell.swift */; };
		846DAF591D445B65008D8D5F /* LoadingMoreCell.xib in Resources */ = {isa = PBXBuildFile; fileRef = 846DAF571D445B65008D8D5F /* LoadingMoreCell.xib */; };
		846DAFEA1D44EDA6008D8D5F /* TaskCellTableViewCell.swift in Sources */ = {isa = PBXBuildFile; fileRef = 846DAFE81D44EDA6008D8D5F /* TaskCellTableViewCell.swift */; };
		846DAFEB1D44EDA6008D8D5F /* TaskCellTableViewCell.xib in Resources */ = {isa = PBXBuildFile; fileRef = 846DAFE91D44EDA6008D8D5F /* TaskCellTableViewCell.xib */; };
		846DAFED1D44F733008D8D5F /* TaskCell.swift in Sources */ = {isa = PBXBuildFile; fileRef = 846DAFEC1D44F733008D8D5F /* TaskCell.swift */; };
		846DAFEF1D450A25008D8D5F /* UIViewControllerExtensions.swift in Sources */ = {isa = PBXBuildFile; fileRef = 846DAFEE1D450A25008D8D5F /* UIViewControllerExtensions.swift */; };
		846DAFF21D450EF1008D8D5F /* ENMBadgedBarButtonItem.swift in Sources */ = {isa = PBXBuildFile; fileRef = 846DAFF11D450EF1008D8D5F /* ENMBadgedBarButtonItem.swift */; };
		84743B0D1D3D003400270587 /* MMDrawerBarButtonItem.m in Sources */ = {isa = PBXBuildFile; fileRef = 84743B051D3D003400270587 /* MMDrawerBarButtonItem.m */; };
		84743B0E1D3D003400270587 /* MMDrawerController.m in Sources */ = {isa = PBXBuildFile; fileRef = 84743B071D3D003400270587 /* MMDrawerController.m */; };
		84743B0F1D3D003400270587 /* MMDrawerVisualState.m in Sources */ = {isa = PBXBuildFile; fileRef = 84743B0A1D3D003400270587 /* MMDrawerVisualState.m */; };
		84743B101D3D003400270587 /* UIViewController+MMDrawerController.m in Sources */ = {isa = PBXBuildFile; fileRef = 84743B0C1D3D003400270587 /* UIViewController+MMDrawerController.m */; };
		84743B121D3D00C800270587 /* MainViewController.swift in Sources */ = {isa = PBXBuildFile; fileRef = 84743B111D3D00C800270587 /* MainViewController.swift */; };
		84743B161D3D038600270587 /* LeftSideViewController.swift in Sources */ = {isa = PBXBuildFile; fileRef = 84743B151D3D038600270587 /* LeftSideViewController.swift */; };
		84743B181D3D15C200270587 /* LeftMenuItemTableViewCell.swift in Sources */ = {isa = PBXBuildFile; fileRef = 84743B171D3D15C200270587 /* LeftMenuItemTableViewCell.swift */; };
		84743B1B1D3D19ED00270587 /* LeftMenuItem.swift in Sources */ = {isa = PBXBuildFile; fileRef = 84743B1A1D3D19ED00270587 /* LeftMenuItem.swift */; };
		84833AAE1D508E14003AA10C /* CommentViewController.swift in Sources */ = {isa = PBXBuildFile; fileRef = 84833AAD1D508E14003AA10C /* CommentViewController.swift */; };
		848806171D4B78660081E740 /* UserItemUIView.swift in Sources */ = {isa = PBXBuildFile; fileRef = 848806161D4B78660081E740 /* UserItemUIView.swift */; };
		848806191D4B78C30081E740 /* UserItemUIView.xib in Resources */ = {isa = PBXBuildFile; fileRef = 848806181D4B78C30081E740 /* UserItemUIView.xib */; };
		848CE7511D3BB64500558E9E /* AppDelegate.swift in Sources */ = {isa = PBXBuildFile; fileRef = 848CE7501D3BB64500558E9E /* AppDelegate.swift */; };
		848CE7561D3BB64500558E9E /* Main.storyboard in Resources */ = {isa = PBXBuildFile; fileRef = 848CE7541D3BB64500558E9E /* Main.storyboard */; };
		848CE7591D3BB64500558E9E /* Inco.xcdatamodeld in Sources */ = {isa = PBXBuildFile; fileRef = 848CE7571D3BB64500558E9E /* Inco.xcdatamodeld */; };
		848CE75B1D3BB64500558E9E /* Assets.xcassets in Resources */ = {isa = PBXBuildFile; fileRef = 848CE75A1D3BB64500558E9E /* Assets.xcassets */; };
		848CE75E1D3BB64500558E9E /* LaunchScreen.storyboard in Resources */ = {isa = PBXBuildFile; fileRef = 848CE75C1D3BB64500558E9E /* LaunchScreen.storyboard */; };
		848CE7691D3BB64500558E9E /* IncoTests.swift in Sources */ = {isa = PBXBuildFile; fileRef = 848CE7681D3BB64500558E9E /* IncoTests.swift */; };
		848CE7741D3BB64500558E9E /* IncoUITests.swift in Sources */ = {isa = PBXBuildFile; fileRef = 848CE7731D3BB64500558E9E /* IncoUITests.swift */; };
		84916DA71D559138000D8A68 /* TicketForm.swift in Sources */ = {isa = PBXBuildFile; fileRef = 84916DA61D559138000D8A68 /* TicketForm.swift */; };
		84916DA91D559764000D8A68 /* BaseItem.swift in Sources */ = {isa = PBXBuildFile; fileRef = 84916DA81D559764000D8A68 /* BaseItem.swift */; };
		84916DAB1D55B8AC000D8A68 /* GroupUser.swift in Sources */ = {isa = PBXBuildFile; fileRef = 84916DAA1D55B8AC000D8A68 /* GroupUser.swift */; };
		84916DAD1D55D3A4000D8A68 /* CheckBoxUserView.swift in Sources */ = {isa = PBXBuildFile; fileRef = 84916DAC1D55D3A4000D8A68 /* CheckBoxUserView.swift */; };
		84916DAF1D55D3C1000D8A68 /* CheckBoxUserView.xib in Resources */ = {isa = PBXBuildFile; fileRef = 84916DAE1D55D3C1000D8A68 /* CheckBoxUserView.xib */; };
		8491D37A1D3F9A8B009BAB5D /* IncoCommon.swift in Sources */ = {isa = PBXBuildFile; fileRef = 8491D3791D3F9A8B009BAB5D /* IncoCommon.swift */; };
		849C1A5D1D40FFFB0097A933 /* ProjectViewCell.swift in Sources */ = {isa = PBXBuildFile; fileRef = 849C1A5C1D40FFFB0097A933 /* ProjectViewCell.swift */; };
		849C1A5F1D4103E30097A933 /* ProjectCell.swift in Sources */ = {isa = PBXBuildFile; fileRef = 849C1A5E1D4103E30097A933 /* ProjectCell.swift */; };
		84A1999C1D51A4E000635992 /* TicketViewController.swift in Sources */ = {isa = PBXBuildFile; fileRef = 84A1999A1D51A4E000635992 /* TicketViewController.swift */; };
		84A1999D1D51A4E000635992 /* TicketViewController.xib in Resources */ = {isa = PBXBuildFile; fileRef = 84A1999B1D51A4E000635992 /* TicketViewController.xib */; };
		84A199A01D51A5C300635992 /* ContentTicketViewController.swift in Sources */ = {isa = PBXBuildFile; fileRef = 84A1999E1D51A5C300635992 /* ContentTicketViewController.swift */; };
		84A199A11D51A5C300635992 /* ContentTicketViewController.xib in Resources */ = {isa = PBXBuildFile; fileRef = 84A1999F1D51A5C300635992 /* ContentTicketViewController.xib */; };
		84AF2B721D477F1300F31080 /* BaseComponentCell.swift in Sources */ = {isa = PBXBuildFile; fileRef = 84AF2B711D477F1300F31080 /* BaseComponentCell.swift */; };
		84AF2B751D47932D00F31080 /* TicketTableViewCell.swift in Sources */ = {isa = PBXBuildFile; fileRef = 84AF2B731D47932D00F31080 /* TicketTableViewCell.swift */; };
		84AF2B761D47932D00F31080 /* TicketTableViewCell.xib in Resources */ = {isa = PBXBuildFile; fileRef = 84AF2B741D47932D00F31080 /* TicketTableViewCell.xib */; };
		84AF2B781D47A10400F31080 /* TicketCell.swift in Sources */ = {isa = PBXBuildFile; fileRef = 84AF2B771D47A10400F31080 /* TicketCell.swift */; };
		84AF2B7A1D47A3C000F31080 /* DiscussionCell.swift in Sources */ = {isa = PBXBuildFile; fileRef = 84AF2B791D47A3C000F31080 /* DiscussionCell.swift */; };
		84AF2B7D1D47A53400F31080 /* DiscussionTableViewCell.swift in Sources */ = {isa = PBXBuildFile; fileRef = 84AF2B7B1D47A53400F31080 /* DiscussionTableViewCell.swift */; };
		84AF2B7E1D47A53400F31080 /* DiscussionTableViewCell.xib in Resources */ = {isa = PBXBuildFile; fileRef = 84AF2B7C1D47A53400F31080 /* DiscussionTableViewCell.xib */; };
		84B91A8D1D4D85BD00122245 /* DetailTicketTableViewController.swift in Sources */ = {isa = PBXBuildFile; fileRef = 84B91A8C1D4D85BD00122245 /* DetailTicketTableViewController.swift */; };
		84B91A8F1D4D8BEE00122245 /* DetailDiscussionTableViewController.swift in Sources */ = {isa = PBXBuildFile; fileRef = 84B91A8E1D4D8BEE00122245 /* DetailDiscussionTableViewController.swift */; };
		84B91A911D4D8C0300122245 /* DetailProjectTableViewController.swift in Sources */ = {isa = PBXBuildFile; fileRef = 84B91A901D4D8C0300122245 /* DetailProjectTableViewController.swift */; };
		84B91A931D4D965E00122245 /* DetailTicketComponent.swift in Sources */ = {isa = PBXBuildFile; fileRef = 84B91A921D4D965E00122245 /* DetailTicketComponent.swift */; };
		84B91A961D4DBACF00122245 /* ProjectTabBarViewController.swift in Sources */ = {isa = PBXBuildFile; fileRef = 84B91A941D4DBACF00122245 /* ProjectTabBarViewController.swift */; };
		84B91A971D4DBACF00122245 /* ProjectTabBarViewController.xib in Resources */ = {isa = PBXBuildFile; fileRef = 84B91A951D4DBACF00122245 /* ProjectTabBarViewController.xib */; };
		84B91A9B1D4DC76200122245 /* DetailDiscussionComponent.swift in Sources */ = {isa = PBXBuildFile; fileRef = 84B91A9A1D4DC76200122245 /* DetailDiscussionComponent.swift */; };
		84B91A9D1D4DCA4400122245 /* DetailProjectComponent.swift in Sources */ = {isa = PBXBuildFile; fileRef = 84B91A9C1D4DCA4400122245 /* DetailProjectComponent.swift */; };
		84B91A9F1D4DE5B400122245 /* RefreshProtocol.swift in Sources */ = {isa = PBXBuildFile; fileRef = 84B91A9E1D4DE5B400122245 /* RefreshProtocol.swift */; };
		84B91AA41D4DF5B100122245 /* CommentViewController.xib in Resources */ = {isa = PBXBuildFile; fileRef = 84B91AA21D4DF5B100122245 /* CommentViewController.xib */; };
		84B91AA71D4DF6AE00122245 /* FilesTableViewController.swift in Sources */ = {isa = PBXBuildFile; fileRef = 84B91AA51D4DF6AE00122245 /* FilesTableViewController.swift */; };
		84B91AA81D4DF6AE00122245 /* FilesTableViewController.xib in Resources */ = {isa = PBXBuildFile; fileRef = 84B91AA61D4DF6AE00122245 /* FilesTableViewController.xib */; };
		84B91AAB1D4DF6F100122245 /* CommentTabBarViewController.swift in Sources */ = {isa = PBXBuildFile; fileRef = 84B91AA91D4DF6F100122245 /* CommentTabBarViewController.swift */; };
		84B91AAC1D4DF6F100122245 /* CommentTabBarViewController.xib in Resources */ = {isa = PBXBuildFile; fileRef = 84B91AAA1D4DF6F100122245 /* CommentTabBarViewController.xib */; };
		84B91AB01D4DFFB200122245 /* UploadFileCell.swift in Sources */ = {isa = PBXBuildFile; fileRef = 84B91AAE1D4DFFB200122245 /* UploadFileCell.swift */; };
		84B91AB11D4DFFB200122245 /* UploadFileCell.xib in Resources */ = {isa = PBXBuildFile; fileRef = 84B91AAF1D4DFFB200122245 /* UploadFileCell.xib */; };
		84B91AB31D4E148A00122245 /* UploadFile.swift in Sources */ = {isa = PBXBuildFile; fileRef = 84B91AB21D4E148A00122245 /* UploadFile.swift */; };
		84C00A691D534DF400152697 /* AddTicketTabBarViewController.swift in Sources */ = {isa = PBXBuildFile; fileRef = 84C00A671D534DF400152697 /* AddTicketTabBarViewController.swift */; };
		84C00A6A1D534DF400152697 /* AddTicketTabBarViewController.xib in Resources */ = {isa = PBXBuildFile; fileRef = 84C00A681D534DF400152697 /* AddTicketTabBarViewController.xib */; };
		84C00A6E1D5356E300152697 /* ConfigTicketTableViewController.swift in Sources */ = {isa = PBXBuildFile; fileRef = 84C00A6D1D5356E300152697 /* ConfigTicketTableViewController.swift */; };
		84C00A701D5356ED00152697 /* ticket.storyboard in Resources */ = {isa = PBXBuildFile; fileRef = 84C00A6F1D5356ED00152697 /* ticket.storyboard */; };
		84C2982F1D4F7F8800D36886 /* ViewController.swift in Sources */ = {isa = PBXBuildFile; fileRef = 84C2982E1D4F7F8800D36886 /* ViewController.swift */; };
		84C298321D4F88E800D36886 /* CompanyTableViewCell.swift in Sources */ = {isa = PBXBuildFile; fileRef = 84C298311D4F88E800D36886 /* CompanyTableViewCell.swift */; };
		84C298341D4F897800D36886 /* Company.swift in Sources */ = {isa = PBXBuildFile; fileRef = 84C298331D4F897800D36886 /* Company.swift */; };
		84E855F81D4CD4F6007F6B6C /* CommentTableViewCell.swift in Sources */ = {isa = PBXBuildFile; fileRef = 84E855F61D4CD4F6007F6B6C /* CommentTableViewCell.swift */; };
		84E855F91D4CD4F6007F6B6C /* CommentTableViewCell.xib in Resources */ = {isa = PBXBuildFile; fileRef = 84E855F71D4CD4F6007F6B6C /* CommentTableViewCell.xib */; };
		84E855FB1D4CDAB0007F6B6C /* CommentCell.swift in Sources */ = {isa = PBXBuildFile; fileRef = 84E855FA1D4CDAB0007F6B6C /* CommentCell.swift */; };
		9F8A331AC5F4BE6F2B05F4F4 /* Pods_IncoUITests.framework in Frameworks */ = {isa = PBXBuildFile; fileRef = 16CFA579B35C86DC0154A550 /* Pods_IncoUITests.framework */; };
		DC3F351219CF31C28709E273 /* Pods_IncoTests.framework in Frameworks */ = {isa = PBXBuildFile; fileRef = DBBF8F98AAB27C9D7747E8C3 /* Pods_IncoTests.framework */; };
		FA2885E26BC1B03C592283B7 /* Pods_Inco.framework in Frameworks */ = {isa = PBXBuildFile; fileRef = 0183EAEA83B4F24E6D7FD69D /* Pods_Inco.framework */; };
/* End PBXBuildFile section */

/* Begin PBXContainerItemProxy section */
		848CE7651D3BB64500558E9E /* PBXContainerItemProxy */ = {
			isa = PBXContainerItemProxy;
			containerPortal = 848CE7451D3BB64500558E9E /* Project object */;
			proxyType = 1;
			remoteGlobalIDString = 848CE74C1D3BB64500558E9E;
			remoteInfo = Inco;
		};
		848CE7701D3BB64500558E9E /* PBXContainerItemProxy */ = {
			isa = PBXContainerItemProxy;
			containerPortal = 848CE7451D3BB64500558E9E /* Project object */;
			proxyType = 1;
			remoteGlobalIDString = 848CE74C1D3BB64500558E9E;
			remoteInfo = Inco;
		};
/* End PBXContainerItemProxy section */

/* Begin PBXFileReference section */
		0183EAEA83B4F24E6D7FD69D /* Pods_Inco.framework */ = {isa = PBXFileReference; explicitFileType = wrapper.framework; includeInIndex = 0; path = Pods_Inco.framework; sourceTree = BUILT_PRODUCTS_DIR; };
		0BA78AB88C24EF78B9A14121 /* Pods-Inco.release.xcconfig */ = {isa = PBXFileReference; includeInIndex = 1; lastKnownFileType = text.xcconfig; name = "Pods-Inco.release.xcconfig"; path = "Pods/Target Support Files/Pods-Inco/Pods-Inco.release.xcconfig"; sourceTree = "<group>"; };
		16CFA579B35C86DC0154A550 /* Pods_IncoUITests.framework */ = {isa = PBXFileReference; explicitFileType = wrapper.framework; includeInIndex = 0; path = Pods_IncoUITests.framework; sourceTree = BUILT_PRODUCTS_DIR; };
		187B95D9107FBDC31038F979 /* Pods-IncoTests.debug.xcconfig */ = {isa = PBXFileReference; includeInIndex = 1; lastKnownFileType = text.xcconfig; name = "Pods-IncoTests.debug.xcconfig"; path = "Pods/Target Support Files/Pods-IncoTests/Pods-IncoTests.debug.xcconfig"; sourceTree = "<group>"; };
		3566CFB4E8534B8ECBCC09AF /* Pods-IncoTests.release.xcconfig */ = {isa = PBXFileReference; includeInIndex = 1; lastKnownFileType = text.xcconfig; name = "Pods-IncoTests.release.xcconfig"; path = "Pods/Target Support Files/Pods-IncoTests/Pods-IncoTests.release.xcconfig"; sourceTree = "<group>"; };
		6EB910AAD84334FA20D8DCD3 /* Pods-Inco.debug.xcconfig */ = {isa = PBXFileReference; includeInIndex = 1; lastKnownFileType = text.xcconfig; name = "Pods-Inco.debug.xcconfig"; path = "Pods/Target Support Files/Pods-Inco/Pods-Inco.debug.xcconfig"; sourceTree = "<group>"; };
		79BAA288602D22EBF747F872 /* Pods-IncoUITests.debug.xcconfig */ = {isa = PBXFileReference; includeInIndex = 1; lastKnownFileType = text.xcconfig; name = "Pods-IncoUITests.debug.xcconfig"; path = "Pods/Target Support Files/Pods-IncoUITests/Pods-IncoUITests.debug.xcconfig"; sourceTree = "<group>"; };
		7C187C2B21BBE80532735970 /* Pods-IncoUITests.release.xcconfig */ = {isa = PBXFileReference; includeInIndex = 1; lastKnownFileType = text.xcconfig; name = "Pods-IncoUITests.release.xcconfig"; path = "Pods/Target Support Files/Pods-IncoUITests/Pods-IncoUITests.release.xcconfig"; sourceTree = "<group>"; };
		845A73901D48D89E00E95A71 /* DetailTabBarViewController.swift */ = {isa = PBXFileReference; fileEncoding = 4; lastKnownFileType = sourcecode.swift; path = DetailTabBarViewController.swift; sourceTree = "<group>"; };
		845A73911D48D89E00E95A71 /* DetailTabBarViewController.xib */ = {isa = PBXFileReference; fileEncoding = 4; lastKnownFileType = file.xib; path = DetailTabBarViewController.xib; sourceTree = "<group>"; };
		845A73941D48D9DB00E95A71 /* DetailTableViewController.swift */ = {isa = PBXFileReference; fileEncoding = 4; lastKnownFileType = sourcecode.swift; path = DetailTableViewController.swift; sourceTree = "<group>"; };
		845A73981D48DA0200E95A71 /* CommentsTableViewController.swift */ = {isa = PBXFileReference; fileEncoding = 4; lastKnownFileType = sourcecode.swift; path = CommentsTableViewController.swift; sourceTree = "<group>"; };
		845A73991D48DA0200E95A71 /* CommentsTableViewController.xib */ = {isa = PBXFileReference; fileEncoding = 4; lastKnownFileType = file.xib; path = CommentsTableViewController.xib; sourceTree = "<group>"; };
		845A73A01D48E1AD00E95A71 /* detailcomponent.storyboard */ = {isa = PBXFileReference; fileEncoding = 4; lastKnownFileType = file.storyboard; path = detailcomponent.storyboard; sourceTree = "<group>"; };
		845A73A21D48F34700E95A71 /* Attachment.swift */ = {isa = PBXFileReference; fileEncoding = 4; lastKnownFileType = sourcecode.swift; path = Attachment.swift; sourceTree = "<group>"; };
		845A73A41D48F4D800E95A71 /* DetailBaseComponent.swift */ = {isa = PBXFileReference; fileEncoding = 4; lastKnownFileType = sourcecode.swift; path = DetailBaseComponent.swift; sourceTree = "<group>"; };
		845A73A61D48F88900E95A71 /* DetailTaskComponent.swift */ = {isa = PBXFileReference; fileEncoding = 4; lastKnownFileType = sourcecode.swift; path = DetailTaskComponent.swift; sourceTree = "<group>"; };
		845A73A81D48F98500E95A71 /* User.swift */ = {isa = PBXFileReference; fileEncoding = 4; lastKnownFileType = sourcecode.swift; path = User.swift; sourceTree = "<group>"; };
		846A66251D3E58B20015CCFB /* ErrorMess.swift */ = {isa = PBXFileReference; fileEncoding = 4; lastKnownFileType = sourcecode.swift; path = ErrorMess.swift; sourceTree = "<group>"; };
		846A66271D3E5A5B0015CCFB /* CommonMess.swift */ = {isa = PBXFileReference; fileEncoding = 4; lastKnownFileType = sourcecode.swift; path = CommonMess.swift; sourceTree = "<group>"; };
		846A66291D3E6A4E0015CCFB /* IncoApi.swift */ = {isa = PBXFileReference; fileEncoding = 4; lastKnownFileType = sourcecode.swift; path = IncoApi.swift; sourceTree = "<group>"; };
		846A662B1D3E7C560015CCFB /* IncoResponse.swift */ = {isa = PBXFileReference; fileEncoding = 4; lastKnownFileType = sourcecode.swift; path = IncoResponse.swift; sourceTree = "<group>"; };
		846BBA391D4F78F100E7C020 /* CompanyTableViewController.swift */ = {isa = PBXFileReference; fileEncoding = 4; lastKnownFileType = sourcecode.swift; path = CompanyTableViewController.swift; sourceTree = "<group>"; };
		846DAF561D445B65008D8D5F /* LoadingMoreCell.swift */ = {isa = PBXFileReference; fileEncoding = 4; lastKnownFileType = sourcecode.swift; path = LoadingMoreCell.swift; sourceTree = "<group>"; };
		846DAF571D445B65008D8D5F /* LoadingMoreCell.xib */ = {isa = PBXFileReference; fileEncoding = 4; lastKnownFileType = file.xib; path = LoadingMoreCell.xib; sourceTree = "<group>"; };
		846DAFE81D44EDA6008D8D5F /* TaskCellTableViewCell.swift */ = {isa = PBXFileReference; fileEncoding = 4; lastKnownFileType = sourcecode.swift; path = TaskCellTableViewCell.swift; sourceTree = "<group>"; };
		846DAFE91D44EDA6008D8D5F /* TaskCellTableViewCell.xib */ = {isa = PBXFileReference; fileEncoding = 4; lastKnownFileType = file.xib; path = TaskCellTableViewCell.xib; sourceTree = "<group>"; };
		846DAFEC1D44F733008D8D5F /* TaskCell.swift */ = {isa = PBXFileReference; fileEncoding = 4; lastKnownFileType = sourcecode.swift; path = TaskCell.swift; sourceTree = "<group>"; };
		846DAFEE1D450A25008D8D5F /* UIViewControllerExtensions.swift */ = {isa = PBXFileReference; fileEncoding = 4; lastKnownFileType = sourcecode.swift; path = UIViewControllerExtensions.swift; sourceTree = "<group>"; };
		846DAFF11D450EF1008D8D5F /* ENMBadgedBarButtonItem.swift */ = {isa = PBXFileReference; fileEncoding = 4; lastKnownFileType = sourcecode.swift; path = ENMBadgedBarButtonItem.swift; sourceTree = "<group>"; };
		84743B031D3D003400270587 /* Inco-Bridging-Header.h */ = {isa = PBXFileReference; lastKnownFileType = sourcecode.c.h; path = "Inco-Bridging-Header.h"; sourceTree = "<group>"; };
		84743B041D3D003400270587 /* MMDrawerBarButtonItem.h */ = {isa = PBXFileReference; fileEncoding = 4; lastKnownFileType = sourcecode.c.h; path = MMDrawerBarButtonItem.h; sourceTree = "<group>"; };
		84743B051D3D003400270587 /* MMDrawerBarButtonItem.m */ = {isa = PBXFileReference; fileEncoding = 4; lastKnownFileType = sourcecode.c.objc; path = MMDrawerBarButtonItem.m; sourceTree = "<group>"; };
		84743B061D3D003400270587 /* MMDrawerController.h */ = {isa = PBXFileReference; fileEncoding = 4; lastKnownFileType = sourcecode.c.h; path = MMDrawerController.h; sourceTree = "<group>"; };
		84743B071D3D003400270587 /* MMDrawerController.m */ = {isa = PBXFileReference; fileEncoding = 4; lastKnownFileType = sourcecode.c.objc; path = MMDrawerController.m; sourceTree = "<group>"; };
		84743B081D3D003400270587 /* MMDrawerController+Subclass.h */ = {isa = PBXFileReference; fileEncoding = 4; lastKnownFileType = sourcecode.c.h; path = "MMDrawerController+Subclass.h"; sourceTree = "<group>"; };
		84743B091D3D003400270587 /* MMDrawerVisualState.h */ = {isa = PBXFileReference; fileEncoding = 4; lastKnownFileType = sourcecode.c.h; path = MMDrawerVisualState.h; sourceTree = "<group>"; };
		84743B0A1D3D003400270587 /* MMDrawerVisualState.m */ = {isa = PBXFileReference; fileEncoding = 4; lastKnownFileType = sourcecode.c.objc; path = MMDrawerVisualState.m; sourceTree = "<group>"; };
		84743B0B1D3D003400270587 /* UIViewController+MMDrawerController.h */ = {isa = PBXFileReference; fileEncoding = 4; lastKnownFileType = sourcecode.c.h; path = "UIViewController+MMDrawerController.h"; sourceTree = "<group>"; };
		84743B0C1D3D003400270587 /* UIViewController+MMDrawerController.m */ = {isa = PBXFileReference; fileEncoding = 4; lastKnownFileType = sourcecode.c.objc; path = "UIViewController+MMDrawerController.m"; sourceTree = "<group>"; };
		84743B111D3D00C800270587 /* MainViewController.swift */ = {isa = PBXFileReference; fileEncoding = 4; lastKnownFileType = sourcecode.swift; path = MainViewController.swift; sourceTree = "<group>"; };
		84743B151D3D038600270587 /* LeftSideViewController.swift */ = {isa = PBXFileReference; fileEncoding = 4; lastKnownFileType = sourcecode.swift; path = LeftSideViewController.swift; sourceTree = "<group>"; };
		84743B171D3D15C200270587 /* LeftMenuItemTableViewCell.swift */ = {isa = PBXFileReference; fileEncoding = 4; lastKnownFileType = sourcecode.swift; path = LeftMenuItemTableViewCell.swift; sourceTree = "<group>"; };
		84743B1A1D3D19ED00270587 /* LeftMenuItem.swift */ = {isa = PBXFileReference; fileEncoding = 4; lastKnownFileType = sourcecode.swift; path = LeftMenuItem.swift; sourceTree = "<group>"; };
		84833AAD1D508E14003AA10C /* CommentViewController.swift */ = {isa = PBXFileReference; fileEncoding = 4; lastKnownFileType = sourcecode.swift; path = CommentViewController.swift; sourceTree = "<group>"; };
		848806161D4B78660081E740 /* UserItemUIView.swift */ = {isa = PBXFileReference; fileEncoding = 4; lastKnownFileType = sourcecode.swift; path = UserItemUIView.swift; sourceTree = "<group>"; };
		848806181D4B78C30081E740 /* UserItemUIView.xib */ = {isa = PBXFileReference; fileEncoding = 4; lastKnownFileType = file.xib; path = UserItemUIView.xib; sourceTree = "<group>"; };
		848CE74D1D3BB64500558E9E /* Inco.app */ = {isa = PBXFileReference; explicitFileType = wrapper.application; includeInIndex = 0; path = Inco.app; sourceTree = BUILT_PRODUCTS_DIR; };
		848CE7501D3BB64500558E9E /* AppDelegate.swift */ = {isa = PBXFileReference; lastKnownFileType = sourcecode.swift; path = AppDelegate.swift; sourceTree = "<group>"; };
		848CE7551D3BB64500558E9E /* Base */ = {isa = PBXFileReference; lastKnownFileType = file.storyboard; name = Base; path = Base.lproj/Main.storyboard; sourceTree = "<group>"; };
		848CE7581D3BB64500558E9E /* Inco.xcdatamodel */ = {isa = PBXFileReference; lastKnownFileType = wrapper.xcdatamodel; path = Inco.xcdatamodel; sourceTree = "<group>"; };
		848CE75A1D3BB64500558E9E /* Assets.xcassets */ = {isa = PBXFileReference; lastKnownFileType = folder.assetcatalog; path = Assets.xcassets; sourceTree = "<group>"; };
		848CE75D1D3BB64500558E9E /* Base */ = {isa = PBXFileReference; lastKnownFileType = file.storyboard; name = Base; path = Base.lproj/LaunchScreen.storyboard; sourceTree = "<group>"; };
		848CE75F1D3BB64500558E9E /* Info.plist */ = {isa = PBXFileReference; lastKnownFileType = text.plist.xml; path = Info.plist; sourceTree = "<group>"; };
		848CE7641D3BB64500558E9E /* IncoTests.xctest */ = {isa = PBXFileReference; explicitFileType = wrapper.cfbundle; includeInIndex = 0; path = IncoTests.xctest; sourceTree = BUILT_PRODUCTS_DIR; };
		848CE7681D3BB64500558E9E /* IncoTests.swift */ = {isa = PBXFileReference; lastKnownFileType = sourcecode.swift; path = IncoTests.swift; sourceTree = "<group>"; };
		848CE76A1D3BB64500558E9E /* Info.plist */ = {isa = PBXFileReference; lastKnownFileType = text.plist.xml; path = Info.plist; sourceTree = "<group>"; };
		848CE76F1D3BB64500558E9E /* IncoUITests.xctest */ = {isa = PBXFileReference; explicitFileType = wrapper.cfbundle; includeInIndex = 0; path = IncoUITests.xctest; sourceTree = BUILT_PRODUCTS_DIR; };
		848CE7731D3BB64500558E9E /* IncoUITests.swift */ = {isa = PBXFileReference; lastKnownFileType = sourcecode.swift; path = IncoUITests.swift; sourceTree = "<group>"; };
		848CE7751D3BB64500558E9E /* Info.plist */ = {isa = PBXFileReference; lastKnownFileType = text.plist.xml; path = Info.plist; sourceTree = "<group>"; };
		84916DA61D559138000D8A68 /* TicketForm.swift */ = {isa = PBXFileReference; fileEncoding = 4; lastKnownFileType = sourcecode.swift; path = TicketForm.swift; sourceTree = "<group>"; };
		84916DA81D559764000D8A68 /* BaseItem.swift */ = {isa = PBXFileReference; fileEncoding = 4; lastKnownFileType = sourcecode.swift; path = BaseItem.swift; sourceTree = "<group>"; };
		84916DAA1D55B8AC000D8A68 /* GroupUser.swift */ = {isa = PBXFileReference; fileEncoding = 4; lastKnownFileType = sourcecode.swift; path = GroupUser.swift; sourceTree = "<group>"; };
		84916DAC1D55D3A4000D8A68 /* CheckBoxUserView.swift */ = {isa = PBXFileReference; fileEncoding = 4; lastKnownFileType = sourcecode.swift; path = CheckBoxUserView.swift; sourceTree = "<group>"; };
		84916DAE1D55D3C1000D8A68 /* CheckBoxUserView.xib */ = {isa = PBXFileReference; fileEncoding = 4; lastKnownFileType = file.xib; path = CheckBoxUserView.xib; sourceTree = "<group>"; };
		8491D3791D3F9A8B009BAB5D /* IncoCommon.swift */ = {isa = PBXFileReference; fileEncoding = 4; lastKnownFileType = sourcecode.swift; path = IncoCommon.swift; sourceTree = "<group>"; };
		849C1A5C1D40FFFB0097A933 /* ProjectViewCell.swift */ = {isa = PBXFileReference; fileEncoding = 4; lastKnownFileType = sourcecode.swift; path = ProjectViewCell.swift; sourceTree = "<group>"; };
		849C1A5E1D4103E30097A933 /* ProjectCell.swift */ = {isa = PBXFileReference; fileEncoding = 4; lastKnownFileType = sourcecode.swift; path = ProjectCell.swift; sourceTree = "<group>"; };
		84A1999A1D51A4E000635992 /* TicketViewController.swift */ = {isa = PBXFileReference; fileEncoding = 4; lastKnownFileType = sourcecode.swift; path = TicketViewController.swift; sourceTree = "<group>"; };
		84A1999B1D51A4E000635992 /* TicketViewController.xib */ = {isa = PBXFileReference; fileEncoding = 4; lastKnownFileType = file.xib; path = TicketViewController.xib; sourceTree = "<group>"; };
		84A1999E1D51A5C300635992 /* ContentTicketViewController.swift */ = {isa = PBXFileReference; fileEncoding = 4; lastKnownFileType = sourcecode.swift; path = ContentTicketViewController.swift; sourceTree = "<group>"; };
		84A1999F1D51A5C300635992 /* ContentTicketViewController.xib */ = {isa = PBXFileReference; fileEncoding = 4; lastKnownFileType = file.xib; path = ContentTicketViewController.xib; sourceTree = "<group>"; };
		84AF2B711D477F1300F31080 /* BaseComponentCell.swift */ = {isa = PBXFileReference; fileEncoding = 4; lastKnownFileType = sourcecode.swift; path = BaseComponentCell.swift; sourceTree = "<group>"; };
		84AF2B731D47932D00F31080 /* TicketTableViewCell.swift */ = {isa = PBXFileReference; fileEncoding = 4; lastKnownFileType = sourcecode.swift; path = TicketTableViewCell.swift; sourceTree = "<group>"; };
		84AF2B741D47932D00F31080 /* TicketTableViewCell.xib */ = {isa = PBXFileReference; fileEncoding = 4; lastKnownFileType = file.xib; path = TicketTableViewCell.xib; sourceTree = "<group>"; };
		84AF2B771D47A10400F31080 /* TicketCell.swift */ = {isa = PBXFileReference; fileEncoding = 4; lastKnownFileType = sourcecode.swift; path = TicketCell.swift; sourceTree = "<group>"; };
		84AF2B791D47A3C000F31080 /* DiscussionCell.swift */ = {isa = PBXFileReference; fileEncoding = 4; lastKnownFileType = sourcecode.swift; path = DiscussionCell.swift; sourceTree = "<group>"; };
		84AF2B7B1D47A53400F31080 /* DiscussionTableViewCell.swift */ = {isa = PBXFileReference; fileEncoding = 4; lastKnownFileType = sourcecode.swift; path = DiscussionTableViewCell.swift; sourceTree = "<group>"; };
		84AF2B7C1D47A53400F31080 /* DiscussionTableViewCell.xib */ = {isa = PBXFileReference; fileEncoding = 4; lastKnownFileType = file.xib; path = DiscussionTableViewCell.xib; sourceTree = "<group>"; };
		84B91A8C1D4D85BD00122245 /* DetailTicketTableViewController.swift */ = {isa = PBXFileReference; fileEncoding = 4; lastKnownFileType = sourcecode.swift; path = DetailTicketTableViewController.swift; sourceTree = "<group>"; };
		84B91A8E1D4D8BEE00122245 /* DetailDiscussionTableViewController.swift */ = {isa = PBXFileReference; fileEncoding = 4; lastKnownFileType = sourcecode.swift; path = DetailDiscussionTableViewController.swift; sourceTree = "<group>"; };
		84B91A901D4D8C0300122245 /* DetailProjectTableViewController.swift */ = {isa = PBXFileReference; fileEncoding = 4; lastKnownFileType = sourcecode.swift; path = DetailProjectTableViewController.swift; sourceTree = "<group>"; };
		84B91A921D4D965E00122245 /* DetailTicketComponent.swift */ = {isa = PBXFileReference; fileEncoding = 4; lastKnownFileType = sourcecode.swift; path = DetailTicketComponent.swift; sourceTree = "<group>"; };
		84B91A941D4DBACF00122245 /* ProjectTabBarViewController.swift */ = {isa = PBXFileReference; fileEncoding = 4; lastKnownFileType = sourcecode.swift; path = ProjectTabBarViewController.swift; sourceTree = "<group>"; };
		84B91A951D4DBACF00122245 /* ProjectTabBarViewController.xib */ = {isa = PBXFileReference; fileEncoding = 4; lastKnownFileType = file.xib; path = ProjectTabBarViewController.xib; sourceTree = "<group>"; };
		84B91A9A1D4DC76200122245 /* DetailDiscussionComponent.swift */ = {isa = PBXFileReference; fileEncoding = 4; lastKnownFileType = sourcecode.swift; path = DetailDiscussionComponent.swift; sourceTree = "<group>"; };
		84B91A9C1D4DCA4400122245 /* DetailProjectComponent.swift */ = {isa = PBXFileReference; fileEncoding = 4; lastKnownFileType = sourcecode.swift; path = DetailProjectComponent.swift; sourceTree = "<group>"; };
		84B91A9E1D4DE5B400122245 /* RefreshProtocol.swift */ = {isa = PBXFileReference; fileEncoding = 4; lastKnownFileType = sourcecode.swift; name = RefreshProtocol.swift; path = ../../../RefreshProtocol.swift; sourceTree = "<group>"; };
		84B91AA21D4DF5B100122245 /* CommentViewController.xib */ = {isa = PBXFileReference; fileEncoding = 4; lastKnownFileType = file.xib; path = CommentViewController.xib; sourceTree = "<group>"; };
		84B91AA51D4DF6AE00122245 /* FilesTableViewController.swift */ = {isa = PBXFileReference; fileEncoding = 4; lastKnownFileType = sourcecode.swift; path = FilesTableViewController.swift; sourceTree = "<group>"; };
		84B91AA61D4DF6AE00122245 /* FilesTableViewController.xib */ = {isa = PBXFileReference; fileEncoding = 4; lastKnownFileType = file.xib; path = FilesTableViewController.xib; sourceTree = "<group>"; };
		84B91AA91D4DF6F100122245 /* CommentTabBarViewController.swift */ = {isa = PBXFileReference; fileEncoding = 4; lastKnownFileType = sourcecode.swift; path = CommentTabBarViewController.swift; sourceTree = "<group>"; };
		84B91AAA1D4DF6F100122245 /* CommentTabBarViewController.xib */ = {isa = PBXFileReference; fileEncoding = 4; lastKnownFileType = file.xib; path = CommentTabBarViewController.xib; sourceTree = "<group>"; };
		84B91AAE1D4DFFB200122245 /* UploadFileCell.swift */ = {isa = PBXFileReference; fileEncoding = 4; lastKnownFileType = sourcecode.swift; path = UploadFileCell.swift; sourceTree = "<group>"; };
		84B91AAF1D4DFFB200122245 /* UploadFileCell.xib */ = {isa = PBXFileReference; fileEncoding = 4; lastKnownFileType = file.xib; path = UploadFileCell.xib; sourceTree = "<group>"; };
		84B91AB21D4E148A00122245 /* UploadFile.swift */ = {isa = PBXFileReference; fileEncoding = 4; lastKnownFileType = sourcecode.swift; path = UploadFile.swift; sourceTree = "<group>"; };
		84C00A671D534DF400152697 /* AddTicketTabBarViewController.swift */ = {isa = PBXFileReference; fileEncoding = 4; lastKnownFileType = sourcecode.swift; path = AddTicketTabBarViewController.swift; sourceTree = "<group>"; };
		84C00A681D534DF400152697 /* AddTicketTabBarViewController.xib */ = {isa = PBXFileReference; fileEncoding = 4; lastKnownFileType = file.xib; path = AddTicketTabBarViewController.xib; sourceTree = "<group>"; };
		84C00A6D1D5356E300152697 /* ConfigTicketTableViewController.swift */ = {isa = PBXFileReference; fileEncoding = 4; lastKnownFileType = sourcecode.swift; path = ConfigTicketTableViewController.swift; sourceTree = "<group>"; };
		84C00A6F1D5356ED00152697 /* ticket.storyboard */ = {isa = PBXFileReference; fileEncoding = 4; lastKnownFileType = file.storyboard; path = ticket.storyboard; sourceTree = "<group>"; };
		84C2982E1D4F7F8800D36886 /* ViewController.swift */ = {isa = PBXFileReference; fileEncoding = 4; lastKnownFileType = sourcecode.swift; path = ViewController.swift; sourceTree = "<group>"; };
		84C298311D4F88E800D36886 /* CompanyTableViewCell.swift */ = {isa = PBXFileReference; fileEncoding = 4; lastKnownFileType = sourcecode.swift; path = CompanyTableViewCell.swift; sourceTree = "<group>"; };
		84C298331D4F897800D36886 /* Company.swift */ = {isa = PBXFileReference; fileEncoding = 4; lastKnownFileType = sourcecode.swift; path = Company.swift; sourceTree = "<group>"; };
		84E855F61D4CD4F6007F6B6C /* CommentTableViewCell.swift */ = {isa = PBXFileReference; fileEncoding = 4; lastKnownFileType = sourcecode.swift; path = CommentTableViewCell.swift; sourceTree = "<group>"; };
		84E855F71D4CD4F6007F6B6C /* CommentTableViewCell.xib */ = {isa = PBXFileReference; fileEncoding = 4; lastKnownFileType = file.xib; path = CommentTableViewCell.xib; sourceTree = "<group>"; };
		84E855FA1D4CDAB0007F6B6C /* CommentCell.swift */ = {isa = PBXFileReference; fileEncoding = 4; lastKnownFileType = sourcecode.swift; path = CommentCell.swift; sourceTree = "<group>"; };
		DBBF8F98AAB27C9D7747E8C3 /* Pods_IncoTests.framework */ = {isa = PBXFileReference; explicitFileType = wrapper.framework; includeInIndex = 0; path = Pods_IncoTests.framework; sourceTree = BUILT_PRODUCTS_DIR; };
/* End PBXFileReference section */

/* Begin PBXFrameworksBuildPhase section */
		848CE74A1D3BB64500558E9E /* Frameworks */ = {
			isa = PBXFrameworksBuildPhase;
			buildActionMask = 2147483647;
			files = (
				FA2885E26BC1B03C592283B7 /* Pods_Inco.framework in Frameworks */,
			);
			runOnlyForDeploymentPostprocessing = 0;
		};
		848CE7611D3BB64500558E9E /* Frameworks */ = {
			isa = PBXFrameworksBuildPhase;
			buildActionMask = 2147483647;
			files = (
				DC3F351219CF31C28709E273 /* Pods_IncoTests.framework in Frameworks */,
			);
			runOnlyForDeploymentPostprocessing = 0;
		};
		848CE76C1D3BB64500558E9E /* Frameworks */ = {
			isa = PBXFrameworksBuildPhase;
			buildActionMask = 2147483647;
			files = (
				9F8A331AC5F4BE6F2B05F4F4 /* Pods_IncoUITests.framework in Frameworks */,
			);
			runOnlyForDeploymentPostprocessing = 0;
		};
/* End PBXFrameworksBuildPhase section */

/* Begin PBXGroup section */
		71ACE4973C195D34CBE4A00C /* Pods */ = {
			isa = PBXGroup;
			children = (
				6EB910AAD84334FA20D8DCD3 /* Pods-Inco.debug.xcconfig */,
				0BA78AB88C24EF78B9A14121 /* Pods-Inco.release.xcconfig */,
				187B95D9107FBDC31038F979 /* Pods-IncoTests.debug.xcconfig */,
				3566CFB4E8534B8ECBCC09AF /* Pods-IncoTests.release.xcconfig */,
				79BAA288602D22EBF747F872 /* Pods-IncoUITests.debug.xcconfig */,
				7C187C2B21BBE80532735970 /* Pods-IncoUITests.release.xcconfig */,
			);
			name = Pods;
			sourceTree = "<group>";
		};
		80863EFA347024897195AD54 /* Frameworks */ = {
			isa = PBXGroup;
			children = (
				0183EAEA83B4F24E6D7FD69D /* Pods_Inco.framework */,
				DBBF8F98AAB27C9D7747E8C3 /* Pods_IncoTests.framework */,
				16CFA579B35C86DC0154A550 /* Pods_IncoUITests.framework */,
			);
			name = Frameworks;
			sourceTree = "<group>";
		};
		845A738F1D48D85800E95A71 /* DetailComponent */ = {
			isa = PBXGroup;
			children = (
				845A73901D48D89E00E95A71 /* DetailTabBarViewController.swift */,
				845A73911D48D89E00E95A71 /* DetailTabBarViewController.xib */,
				845A73941D48D9DB00E95A71 /* DetailTableViewController.swift */,
				845A73981D48DA0200E95A71 /* CommentsTableViewController.swift */,
				845A73991D48DA0200E95A71 /* CommentsTableViewController.xib */,
				845A73A01D48E1AD00E95A71 /* detailcomponent.storyboard */,
				84B91A8C1D4D85BD00122245 /* DetailTicketTableViewController.swift */,
				84B91A8E1D4D8BEE00122245 /* DetailDiscussionTableViewController.swift */,
				84B91A901D4D8C0300122245 /* DetailProjectTableViewController.swift */,
			);
			name = DetailComponent;
			sourceTree = "<group>";
		};
		846A66241D3E57F60015CCFB /* common */ = {
			isa = PBXGroup;
			children = (
				846A66251D3E58B20015CCFB /* ErrorMess.swift */,
				846A66271D3E5A5B0015CCFB /* CommonMess.swift */,
				846A66291D3E6A4E0015CCFB /* IncoApi.swift */,
				846A662B1D3E7C560015CCFB /* IncoResponse.swift */,
				8491D3791D3F9A8B009BAB5D /* IncoCommon.swift */,
			);
			name = common;
			sourceTree = "<group>";
		};
		846DAF551D4459E9008D8D5F /* TableCell */ = {
			isa = PBXGroup;
			children = (
				84C298301D4F888D00D36886 /* CompanyCell */,
				84B91AAD1D4DFF8100122245 /* UploadFileCell */,
				84E855F51D4CD4E6007F6B6C /* CommentTableViewCell */,
				846DAF561D445B65008D8D5F /* LoadingMoreCell.swift */,
				846DAF571D445B65008D8D5F /* LoadingMoreCell.xib */,
				846DAFE81D44EDA6008D8D5F /* TaskCellTableViewCell.swift */,
				846DAFE91D44EDA6008D8D5F /* TaskCellTableViewCell.xib */,
				84AF2B731D47932D00F31080 /* TicketTableViewCell.swift */,
				84AF2B741D47932D00F31080 /* TicketTableViewCell.xib */,
				84AF2B7B1D47A53400F31080 /* DiscussionTableViewCell.swift */,
				84AF2B7C1D47A53400F31080 /* DiscussionTableViewCell.xib */,
			);
			name = TableCell;
			sourceTree = "<group>";
		};
		846DAF5A1D44B9AF008D8D5F /* ProjectTabs */ = {
			isa = PBXGroup;
			children = (
				84B91A941D4DBACF00122245 /* ProjectTabBarViewController.swift */,
				84B91A951D4DBACF00122245 /* ProjectTabBarViewController.xib */,
			);
			name = ProjectTabs;
			sourceTree = "<group>";
		};
		846DAFF01D450EDC008D8D5F /* CustomView */ = {
			isa = PBXGroup;
			children = (
				846DAFF11D450EF1008D8D5F /* ENMBadgedBarButtonItem.swift */,
				848806161D4B78660081E740 /* UserItemUIView.swift */,
				848806181D4B78C30081E740 /* UserItemUIView.xib */,
				84916DAC1D55D3A4000D8A68 /* CheckBoxUserView.swift */,
				84916DAE1D55D3C1000D8A68 /* CheckBoxUserView.xib */,
			);
			name = CustomView;
			sourceTree = "<group>";
		};
		84743B011D3CFCE400270587 /* MainViewController */ = {
			isa = PBXGroup;
			children = (
				84743B111D3D00C800270587 /* MainViewController.swift */,
				84743B171D3D15C200270587 /* LeftMenuItemTableViewCell.swift */,
				849C1A5C1D40FFFB0097A933 /* ProjectViewCell.swift */,
				84743B151D3D038600270587 /* LeftSideViewController.swift */,
				84B91A9E1D4DE5B400122245 /* RefreshProtocol.swift */,
			);
			name = MainViewController;
			sourceTree = "<group>";
		};
		84743B021D3D001B00270587 /* MMDrawerController */ = {
			isa = PBXGroup;
			children = (
				84743B041D3D003400270587 /* MMDrawerBarButtonItem.h */,
				84743B051D3D003400270587 /* MMDrawerBarButtonItem.m */,
				84743B061D3D003400270587 /* MMDrawerController.h */,
				84743B071D3D003400270587 /* MMDrawerController.m */,
				84743B081D3D003400270587 /* MMDrawerController+Subclass.h */,
				84743B091D3D003400270587 /* MMDrawerVisualState.h */,
				84743B0A1D3D003400270587 /* MMDrawerVisualState.m */,
				84743B0B1D3D003400270587 /* UIViewController+MMDrawerController.h */,
				84743B0C1D3D003400270587 /* UIViewController+MMDrawerController.m */,
				84743B031D3D003400270587 /* Inco-Bridging-Header.h */,
			);
			name = MMDrawerController;
			sourceTree = "<group>";
		};
		84743B191D3D199C00270587 /* Model */ = {
			isa = PBXGroup;
			children = (
				84743B1A1D3D19ED00270587 /* LeftMenuItem.swift */,
				849C1A5E1D4103E30097A933 /* ProjectCell.swift */,
				846DAFEC1D44F733008D8D5F /* TaskCell.swift */,
				84AF2B711D477F1300F31080 /* BaseComponentCell.swift */,
				84AF2B771D47A10400F31080 /* TicketCell.swift */,
				84AF2B791D47A3C000F31080 /* DiscussionCell.swift */,
				845A73A21D48F34700E95A71 /* Attachment.swift */,
				845A73A41D48F4D800E95A71 /* DetailBaseComponent.swift */,
				845A73A61D48F88900E95A71 /* DetailTaskComponent.swift */,
				845A73A81D48F98500E95A71 /* User.swift */,
				84E855FA1D4CDAB0007F6B6C /* CommentCell.swift */,
				84B91A921D4D965E00122245 /* DetailTicketComponent.swift */,
				84B91A9A1D4DC76200122245 /* DetailDiscussionComponent.swift */,
				84B91A9C1D4DCA4400122245 /* DetailProjectComponent.swift */,
				84B91AB21D4E148A00122245 /* UploadFile.swift */,
				84C298331D4F897800D36886 /* Company.swift */,
				84916DA61D559138000D8A68 /* TicketForm.swift */,
				84916DA81D559764000D8A68 /* BaseItem.swift */,
				84916DAA1D55B8AC000D8A68 /* GroupUser.swift */,
			);
			name = Model;
			sourceTree = "<group>";
		};
		848CE7441D3BB64500558E9E = {
			isa = PBXGroup;
			children = (
				848CE74F1D3BB64500558E9E /* Inco */,
				848CE7671D3BB64500558E9E /* IncoTests */,
				848CE7721D3BB64500558E9E /* IncoUITests */,
				848CE74E1D3BB64500558E9E /* Products */,
				71ACE4973C195D34CBE4A00C /* Pods */,
				80863EFA347024897195AD54 /* Frameworks */,
			);
			sourceTree = "<group>";
		};
		848CE74E1D3BB64500558E9E /* Products */ = {
			isa = PBXGroup;
			children = (
				848CE74D1D3BB64500558E9E /* Inco.app */,
				848CE7641D3BB64500558E9E /* IncoTests.xctest */,
				848CE76F1D3BB64500558E9E /* IncoUITests.xctest */,
			);
			name = Products;
			sourceTree = "<group>";
		};
		848CE74F1D3BB64500558E9E /* Inco */ = {
			isa = PBXGroup;
			children = (
				84A199991D51A4B100635992 /* AddTicket */,
				84B91AA01D4DF53600122245 /* AddComments */,
				845A738F1D48D85800E95A71 /* DetailComponent */,
				846DAFF01D450EDC008D8D5F /* CustomView */,
				846DAF5A1D44B9AF008D8D5F /* ProjectTabs */,
				846DAF551D4459E9008D8D5F /* TableCell */,
				846A66241D3E57F60015CCFB /* common */,
				84743B191D3D199C00270587 /* Model */,
				84743B021D3D001B00270587 /* MMDrawerController */,
				84743B011D3CFCE400270587 /* MainViewController */,
				84C9A3681D3BE3EE008A0FC5 /* SearchCompany */,
				848CE7501D3BB64500558E9E /* AppDelegate.swift */,
				84C2982E1D4F7F8800D36886 /* ViewController.swift */,
				846DAFEE1D450A25008D8D5F /* UIViewControllerExtensions.swift */,
				848CE7541D3BB64500558E9E /* Main.storyboard */,
				848CE75A1D3BB64500558E9E /* Assets.xcassets */,
				848CE75C1D3BB64500558E9E /* LaunchScreen.storyboard */,
				848CE75F1D3BB64500558E9E /* Info.plist */,
				848CE7571D3BB64500558E9E /* Inco.xcdatamodeld */,
			);
			path = Inco;
			sourceTree = "<group>";
		};
		848CE7671D3BB64500558E9E /* IncoTests */ = {
			isa = PBXGroup;
			children = (
				848CE7681D3BB64500558E9E /* IncoTests.swift */,
				848CE76A1D3BB64500558E9E /* Info.plist */,
			);
			path = IncoTests;
			sourceTree = "<group>";
		};
		848CE7721D3BB64500558E9E /* IncoUITests */ = {
			isa = PBXGroup;
			children = (
				848CE7731D3BB64500558E9E /* IncoUITests.swift */,
				848CE7751D3BB64500558E9E /* Info.plist */,
			);
			path = IncoUITests;
			sourceTree = "<group>";
		};
		84A199991D51A4B100635992 /* AddTicket */ = {
			isa = PBXGroup;
			children = (
				84C00A6F1D5356ED00152697 /* ticket.storyboard */,
				84C00A6D1D5356E300152697 /* ConfigTicketTableViewController.swift */,
				84A1999A1D51A4E000635992 /* TicketViewController.swift */,
				84A1999B1D51A4E000635992 /* TicketViewController.xib */,
				84A1999E1D51A5C300635992 /* ContentTicketViewController.swift */,
				84A1999F1D51A5C300635992 /* ContentTicketViewController.xib */,
				84C00A671D534DF400152697 /* AddTicketTabBarViewController.swift */,
				84C00A681D534DF400152697 /* AddTicketTabBarViewController.xib */,
			);
			name = AddTicket;
			sourceTree = "<group>";
		};
		84B91AA01D4DF53600122245 /* AddComments */ = {
			isa = PBXGroup;
			children = (
				84833AAD1D508E14003AA10C /* CommentViewController.swift */,
				84B91AA21D4DF5B100122245 /* CommentViewController.xib */,
				84B91AA51D4DF6AE00122245 /* FilesTableViewController.swift */,
				84B91AA61D4DF6AE00122245 /* FilesTableViewController.xib */,
				84B91AA91D4DF6F100122245 /* CommentTabBarViewController.swift */,
				84B91AAA1D4DF6F100122245 /* CommentTabBarViewController.xib */,
			);
			name = AddComments;
			sourceTree = "<group>";
		};
		84B91AAD1D4DFF8100122245 /* UploadFileCell */ = {
			isa = PBXGroup;
			children = (
				84B91AAE1D4DFFB200122245 /* UploadFileCell.swift */,
				84B91AAF1D4DFFB200122245 /* UploadFileCell.xib */,
			);
			name = UploadFileCell;
			sourceTree = "<group>";
		};
		84C298301D4F888D00D36886 /* CompanyCell */ = {
			isa = PBXGroup;
			children = (
				84C298311D4F88E800D36886 /* CompanyTableViewCell.swift */,
			);
			name = CompanyCell;
			sourceTree = "<group>";
		};
		84C9A3681D3BE3EE008A0FC5 /* SearchCompany */ = {
			isa = PBXGroup;
			children = (
				846BBA391D4F78F100E7C020 /* CompanyTableViewController.swift */,
			);
			name = SearchCompany;
			sourceTree = "<group>";
		};
		84E855F51D4CD4E6007F6B6C /* CommentTableViewCell */ = {
			isa = PBXGroup;
			children = (
				84E855F61D4CD4F6007F6B6C /* CommentTableViewCell.swift */,
				84E855F71D4CD4F6007F6B6C /* CommentTableViewCell.xib */,
			);
			name = CommentTableViewCell;
			sourceTree = "<group>";
		};
/* End PBXGroup section */

/* Begin PBXNativeTarget section */
		848CE74C1D3BB64500558E9E /* Inco */ = {
			isa = PBXNativeTarget;
			buildConfigurationList = 848CE7781D3BB64500558E9E /* Build configuration list for PBXNativeTarget "Inco" */;
			buildPhases = (
				ED49F235329EE01A0BD075B2 /* [CP] Check Pods Manifest.lock */,
				848CE7491D3BB64500558E9E /* Sources */,
				848CE74A1D3BB64500558E9E /* Frameworks */,
				848CE74B1D3BB64500558E9E /* Resources */,
				C94684F48E60C8B10487BC8C /* [CP] Embed Pods Frameworks */,
				9CECAE9D07E47AE6D33471B7 /* [CP] Copy Pods Resources */,
			);
			buildRules = (
			);
			dependencies = (
			);
			name = Inco;
			productName = Inco;
			productReference = 848CE74D1D3BB64500558E9E /* Inco.app */;
			productType = "com.apple.product-type.application";
		};
		848CE7631D3BB64500558E9E /* IncoTests */ = {
			isa = PBXNativeTarget;
			buildConfigurationList = 848CE77B1D3BB64500558E9E /* Build configuration list for PBXNativeTarget "IncoTests" */;
			buildPhases = (
				54294E6DA29647E17922EE27 /* [CP] Check Pods Manifest.lock */,
				848CE7601D3BB64500558E9E /* Sources */,
				848CE7611D3BB64500558E9E /* Frameworks */,
				848CE7621D3BB64500558E9E /* Resources */,
				E32E26CA4F27C5D41D247F68 /* [CP] Embed Pods Frameworks */,
				2256C26A9D3A28719464AF3D /* [CP] Copy Pods Resources */,
			);
			buildRules = (
			);
			dependencies = (
				848CE7661D3BB64500558E9E /* PBXTargetDependency */,
			);
			name = IncoTests;
			productName = IncoTests;
			productReference = 848CE7641D3BB64500558E9E /* IncoTests.xctest */;
			productType = "com.apple.product-type.bundle.unit-test";
		};
		848CE76E1D3BB64500558E9E /* IncoUITests */ = {
			isa = PBXNativeTarget;
			buildConfigurationList = 848CE77E1D3BB64500558E9E /* Build configuration list for PBXNativeTarget "IncoUITests" */;
			buildPhases = (
				8E0808B0B2BFB7976DEFF339 /* [CP] Check Pods Manifest.lock */,
				848CE76B1D3BB64500558E9E /* Sources */,
				848CE76C1D3BB64500558E9E /* Frameworks */,
				848CE76D1D3BB64500558E9E /* Resources */,
				41330DEEA150DFD88260CD65 /* [CP] Copy Pods Resources */,
			);
			buildRules = (
			);
			dependencies = (
				848CE7711D3BB64500558E9E /* PBXTargetDependency */,
			);
			name = IncoUITests;
			productName = IncoUITests;
			productReference = 848CE76F1D3BB64500558E9E /* IncoUITests.xctest */;
			productType = "com.apple.product-type.bundle.ui-testing";
		};
/* End PBXNativeTarget section */

/* Begin PBXProject section */
		848CE7451D3BB64500558E9E /* Project object */ = {
			isa = PBXProject;
			attributes = {
				LastSwiftUpdateCheck = 0730;
				LastUpgradeCheck = 0730;
				ORGANIZATIONNAME = "Ban Sac";
				TargetAttributes = {
					848CE74C1D3BB64500558E9E = {
						CreatedOnToolsVersion = 7.3.1;
						DevelopmentTeam = 9MWGGVH93Y;
					};
					848CE7631D3BB64500558E9E = {
						CreatedOnToolsVersion = 7.3.1;
						TestTargetID = 848CE74C1D3BB64500558E9E;
					};
					848CE76E1D3BB64500558E9E = {
						CreatedOnToolsVersion = 7.3.1;
						TestTargetID = 848CE74C1D3BB64500558E9E;
					};
				};
			};
			buildConfigurationList = 848CE7481D3BB64500558E9E /* Build configuration list for PBXProject "Inco" */;
			compatibilityVersion = "Xcode 3.2";
			developmentRegion = English;
			hasScannedForEncodings = 0;
			knownRegions = (
				en,
				Base,
			);
			mainGroup = 848CE7441D3BB64500558E9E;
			productRefGroup = 848CE74E1D3BB64500558E9E /* Products */;
			projectDirPath = "";
			projectRoot = "";
			targets = (
				848CE74C1D3BB64500558E9E /* Inco */,
				848CE7631D3BB64500558E9E /* IncoTests */,
				848CE76E1D3BB64500558E9E /* IncoUITests */,
			);
		};
/* End PBXProject section */

/* Begin PBXResourcesBuildPhase section */
		848CE74B1D3BB64500558E9E /* Resources */ = {
			isa = PBXResourcesBuildPhase;
			buildActionMask = 2147483647;
			files = (
				84B91AAC1D4DF6F100122245 /* CommentTabBarViewController.xib in Resources */,
				848CE75E1D3BB64500558E9E /* LaunchScreen.storyboard in Resources */,
				84A1999D1D51A4E000635992 /* TicketViewController.xib in Resources */,
				84B91AB11D4DFFB200122245 /* UploadFileCell.xib in Resources */,
				848CE75B1D3BB64500558E9E /* Assets.xcassets in Resources */,
				846DAF591D445B65008D8D5F /* LoadingMoreCell.xib in Resources */,
				845A739B1D48DA0200E95A71 /* CommentsTableViewController.xib in Resources */,
				84A199A11D51A5C300635992 /* ContentTicketViewController.xib in Resources */,
				845A73A11D48E1AD00E95A71 /* detailcomponent.storyboard in Resources */,
				848CE7561D3BB64500558E9E /* Main.storyboard in Resources */,
				84B91AA81D4DF6AE00122245 /* FilesTableViewController.xib in Resources */,
				84C00A701D5356ED00152697 /* ticket.storyboard in Resources */,
				846DAFEB1D44EDA6008D8D5F /* TaskCellTableViewCell.xib in Resources */,
				84AF2B761D47932D00F31080 /* TicketTableViewCell.xib in Resources */,
				84AF2B7E1D47A53400F31080 /* DiscussionTableViewCell.xib in Resources */,
				84C00A6A1D534DF400152697 /* AddTicketTabBarViewController.xib in Resources */,
				84916DAF1D55D3C1000D8A68 /* CheckBoxUserView.xib in Resources */,
				84B91A971D4DBACF00122245 /* ProjectTabBarViewController.xib in Resources */,
				84E855F91D4CD4F6007F6B6C /* CommentTableViewCell.xib in Resources */,
				84B91AA41D4DF5B100122245 /* CommentViewController.xib in Resources */,
				845A73931D48D89E00E95A71 /* DetailTabBarViewController.xib in Resources */,
				848806191D4B78C30081E740 /* UserItemUIView.xib in Resources */,
			);
			runOnlyForDeploymentPostprocessing = 0;
		};
		848CE7621D3BB64500558E9E /* Resources */ = {
			isa = PBXResourcesBuildPhase;
			buildActionMask = 2147483647;
			files = (
			);
			runOnlyForDeploymentPostprocessing = 0;
		};
		848CE76D1D3BB64500558E9E /* Resources */ = {
			isa = PBXResourcesBuildPhase;
			buildActionMask = 2147483647;
			files = (
			);
			runOnlyForDeploymentPostprocessing = 0;
		};
/* End PBXResourcesBuildPhase section */

/* Begin PBXShellScriptBuildPhase section */
		2256C26A9D3A28719464AF3D /* [CP] Copy Pods Resources */ = {
			isa = PBXShellScriptBuildPhase;
			buildActionMask = 2147483647;
			files = (
			);
			inputPaths = (
			);
			name = "[CP] Copy Pods Resources";
			outputPaths = (
			);
			runOnlyForDeploymentPostprocessing = 0;
			shellPath = /bin/sh;
			shellScript = "\"${SRCROOT}/Pods/Target Support Files/Pods-IncoTests/Pods-IncoTests-resources.sh\"\n";
			showEnvVarsInLog = 0;
		};
		41330DEEA150DFD88260CD65 /* [CP] Copy Pods Resources */ = {
			isa = PBXShellScriptBuildPhase;
			buildActionMask = 2147483647;
			files = (
			);
			inputPaths = (
			);
			name = "[CP] Copy Pods Resources";
			outputPaths = (
			);
			runOnlyForDeploymentPostprocessing = 0;
			shellPath = /bin/sh;
			shellScript = "\"${SRCROOT}/Pods/Target Support Files/Pods-IncoUITests/Pods-IncoUITests-resources.sh\"\n";
			showEnvVarsInLog = 0;
		};
		54294E6DA29647E17922EE27 /* [CP] Check Pods Manifest.lock */ = {
			isa = PBXShellScriptBuildPhase;
			buildActionMask = 2147483647;
			files = (
			);
			inputPaths = (
			);
			name = "[CP] Check Pods Manifest.lock";
			outputPaths = (
			);
			runOnlyForDeploymentPostprocessing = 0;
			shellPath = /bin/sh;
			shellScript = "diff \"${PODS_ROOT}/../Podfile.lock\" \"${PODS_ROOT}/Manifest.lock\" > /dev/null\nif [[ $? != 0 ]] ; then\n    cat << EOM\nerror: The sandbox is not in sync with the Podfile.lock. Run 'pod install' or update your CocoaPods installation.\nEOM\n    exit 1\nfi\n";
			showEnvVarsInLog = 0;
		};
		8E0808B0B2BFB7976DEFF339 /* [CP] Check Pods Manifest.lock */ = {
			isa = PBXShellScriptBuildPhase;
			buildActionMask = 2147483647;
			files = (
			);
			inputPaths = (
			);
			name = "[CP] Check Pods Manifest.lock";
			outputPaths = (
			);
			runOnlyForDeploymentPostprocessing = 0;
			shellPath = /bin/sh;
			shellScript = "diff \"${PODS_ROOT}/../Podfile.lock\" \"${PODS_ROOT}/Manifest.lock\" > /dev/null\nif [[ $? != 0 ]] ; then\n    cat << EOM\nerror: The sandbox is not in sync with the Podfile.lock. Run 'pod install' or update your CocoaPods installation.\nEOM\n    exit 1\nfi\n";
			showEnvVarsInLog = 0;
		};
		9CECAE9D07E47AE6D33471B7 /* [CP] Copy Pods Resources */ = {
			isa = PBXShellScriptBuildPhase;
			buildActionMask = 2147483647;
			files = (
			);
			inputPaths = (
			);
			name = "[CP] Copy Pods Resources";
			outputPaths = (
			);
			runOnlyForDeploymentPostprocessing = 0;
			shellPath = /bin/sh;
			shellScript = "\"${SRCROOT}/Pods/Target Support Files/Pods-Inco/Pods-Inco-resources.sh\"\n";
			showEnvVarsInLog = 0;
		};
		C94684F48E60C8B10487BC8C /* [CP] Embed Pods Frameworks */ = {
			isa = PBXShellScriptBuildPhase;
			buildActionMask = 2147483647;
			files = (
			);
			inputPaths = (
			);
			name = "[CP] Embed Pods Frameworks";
			outputPaths = (
			);
			runOnlyForDeploymentPostprocessing = 0;
			shellPath = /bin/sh;
			shellScript = "\"${SRCROOT}/Pods/Target Support Files/Pods-Inco/Pods-Inco-frameworks.sh\"\n";
			showEnvVarsInLog = 0;
		};
		E32E26CA4F27C5D41D247F68 /* [CP] Embed Pods Frameworks */ = {
			isa = PBXShellScriptBuildPhase;
			buildActionMask = 2147483647;
			files = (
			);
			inputPaths = (
			);
			name = "[CP] Embed Pods Frameworks";
			outputPaths = (
			);
			runOnlyForDeploymentPostprocessing = 0;
			shellPath = /bin/sh;
			shellScript = "\"${SRCROOT}/Pods/Target Support Files/Pods-IncoTests/Pods-IncoTests-frameworks.sh\"\n";
			showEnvVarsInLog = 0;
		};
		ED49F235329EE01A0BD075B2 /* [CP] Check Pods Manifest.lock */ = {
			isa = PBXShellScriptBuildPhase;
			buildActionMask = 2147483647;
			files = (
			);
			inputPaths = (
			);
			name = "[CP] Check Pods Manifest.lock";
			outputPaths = (
			);
			runOnlyForDeploymentPostprocessing = 0;
			shellPath = /bin/sh;
			shellScript = "diff \"${PODS_ROOT}/../Podfile.lock\" \"${PODS_ROOT}/Manifest.lock\" > /dev/null\nif [[ $? != 0 ]] ; then\n    cat << EOM\nerror: The sandbox is not in sync with the Podfile.lock. Run 'pod install' or update your CocoaPods installation.\nEOM\n    exit 1\nfi\n";
			showEnvVarsInLog = 0;
		};
/* End PBXShellScriptBuildPhase section */

/* Begin PBXSourcesBuildPhase section */
		848CE7491D3BB64500558E9E /* Sources */ = {
			isa = PBXSourcesBuildPhase;
			buildActionMask = 2147483647;
			files = (
				84B91A911D4D8C0300122245 /* DetailProjectTableViewController.swift in Sources */,
				84743B161D3D038600270587 /* LeftSideViewController.swift in Sources */,
				846DAFF21D450EF1008D8D5F /* ENMBadgedBarButtonItem.swift in Sources */,
				845A73A71D48F88900E95A71 /* DetailTaskComponent.swift in Sources */,
				845A73921D48D89E00E95A71 /* DetailTabBarViewController.swift in Sources */,
				84B91A8F1D4D8BEE00122245 /* DetailDiscussionTableViewController.swift in Sources */,
				84743B0D1D3D003400270587 /* MMDrawerBarButtonItem.m in Sources */,
				846A66281D3E5A5B0015CCFB /* CommonMess.swift in Sources */,
				84833AAE1D508E14003AA10C /* CommentViewController.swift in Sources */,
				846A662C1D3E7C560015CCFB /* IncoResponse.swift in Sources */,
				849C1A5D1D40FFFB0097A933 /* ProjectViewCell.swift in Sources */,
				84AF2B781D47A10400F31080 /* TicketCell.swift in Sources */,
				849C1A5F1D4103E30097A933 /* ProjectCell.swift in Sources */,
				846A662A1D3E6A4E0015CCFB /* IncoApi.swift in Sources */,
				846DAF581D445B65008D8D5F /* LoadingMoreCell.swift in Sources */,
				84743B101D3D003400270587 /* UIViewController+MMDrawerController.m in Sources */,
				84916DAD1D55D3A4000D8A68 /* CheckBoxUserView.swift in Sources */,
				848CE7591D3BB64500558E9E /* Inco.xcdatamodeld in Sources */,
				84AF2B721D477F1300F31080 /* BaseComponentCell.swift in Sources */,
				84916DA71D559138000D8A68 /* TicketForm.swift in Sources */,
				84B91AB01D4DFFB200122245 /* UploadFileCell.swift in Sources */,
				84B91AAB1D4DF6F100122245 /* CommentTabBarViewController.swift in Sources */,
				84AF2B7A1D47A3C000F31080 /* DiscussionCell.swift in Sources */,
				84C00A6E1D5356E300152697 /* ConfigTicketTableViewController.swift in Sources */,
				84C00A691D534DF400152697 /* AddTicketTabBarViewController.swift in Sources */,
				845A73961D48D9DB00E95A71 /* DetailTableViewController.swift in Sources */,
				84B91AB31D4E148A00122245 /* UploadFile.swift in Sources */,
				8491D37A1D3F9A8B009BAB5D /* IncoCommon.swift in Sources */,
				84743B0E1D3D003400270587 /* MMDrawerController.m in Sources */,
				84E855F81D4CD4F6007F6B6C /* CommentTableViewCell.swift in Sources */,
				84743B181D3D15C200270587 /* LeftMenuItemTableViewCell.swift in Sources */,
				845A73A31D48F34700E95A71 /* Attachment.swift in Sources */,
				84743B1B1D3D19ED00270587 /* LeftMenuItem.swift in Sources */,
				846BBA3A1D4F78F100E7C020 /* CompanyTableViewController.swift in Sources */,
				845A73A91D48F98500E95A71 /* User.swift in Sources */,
				84916DAB1D55B8AC000D8A68 /* GroupUser.swift in Sources */,
				84AF2B7D1D47A53400F31080 /* DiscussionTableViewCell.swift in Sources */,
				84E855FB1D4CDAB0007F6B6C /* CommentCell.swift in Sources */,
				848806171D4B78660081E740 /* UserItemUIView.swift in Sources */,
				84C2982F1D4F7F8800D36886 /* ViewController.swift in Sources */,
				846DAFEA1D44EDA6008D8D5F /* TaskCellTableViewCell.swift in Sources */,
				84A1999C1D51A4E000635992 /* TicketViewController.swift in Sources */,
				846A66261D3E58B20015CCFB /* ErrorMess.swift in Sources */,
				846DAFEF1D450A25008D8D5F /* UIViewControllerExtensions.swift in Sources */,
				84B91A961D4DBACF00122245 /* ProjectTabBarViewController.swift in Sources */,
				84B91A9B1D4DC76200122245 /* DetailDiscussionComponent.swift in Sources */,
				84C298321D4F88E800D36886 /* CompanyTableViewCell.swift in Sources */,
				84743B121D3D00C800270587 /* MainViewController.swift in Sources */,
				848CE7511D3BB64500558E9E /* AppDelegate.swift in Sources */,
				84AF2B751D47932D00F31080 /* TicketTableViewCell.swift in Sources */,
				846DAFED1D44F733008D8D5F /* TaskCell.swift in Sources */,
				84A199A01D51A5C300635992 /* ContentTicketViewController.swift in Sources */,
				84B91A9D1D4DCA4400122245 /* DetailProjectComponent.swift in Sources */,
				84B91A931D4D965E00122245 /* DetailTicketComponent.swift in Sources */,
				84C298341D4F897800D36886 /* Company.swift in Sources */,
				845A73A51D48F4D800E95A71 /* DetailBaseComponent.swift in Sources */,
				84743B0F1D3D003400270587 /* MMDrawerVisualState.m in Sources */,
				84916DA91D559764000D8A68 /* BaseItem.swift in Sources */,
				84B91A9F1D4DE5B400122245 /* RefreshProtocol.swift in Sources */,
				84B91A8D1D4D85BD00122245 /* DetailTicketTableViewController.swift in Sources */,
				845A739A1D48DA0200E95A71 /* CommentsTableViewController.swift in Sources */,
				84B91AA71D4DF6AE00122245 /* FilesTableViewController.swift in Sources */,
			);
			runOnlyForDeploymentPostprocessing = 0;
		};
		848CE7601D3BB64500558E9E /* Sources */ = {
			isa = PBXSourcesBuildPhase;
			buildActionMask = 2147483647;
			files = (
				848CE7691D3BB64500558E9E /* IncoTests.swift in Sources */,
			);
			runOnlyForDeploymentPostprocessing = 0;
		};
		848CE76B1D3BB64500558E9E /* Sources */ = {
			isa = PBXSourcesBuildPhase;
			buildActionMask = 2147483647;
			files = (
				848CE7741D3BB64500558E9E /* IncoUITests.swift in Sources */,
			);
			runOnlyForDeploymentPostprocessing = 0;
		};
/* End PBXSourcesBuildPhase section */

/* Begin PBXTargetDependency section */
		848CE7661D3BB64500558E9E /* PBXTargetDependency */ = {
			isa = PBXTargetDependency;
			target = 848CE74C1D3BB64500558E9E /* Inco */;
			targetProxy = 848CE7651D3BB64500558E9E /* PBXContainerItemProxy */;
		};
		848CE7711D3BB64500558E9E /* PBXTargetDependency */ = {
			isa = PBXTargetDependency;
			target = 848CE74C1D3BB64500558E9E /* Inco */;
			targetProxy = 848CE7701D3BB64500558E9E /* PBXContainerItemProxy */;
		};
/* End PBXTargetDependency section */

/* Begin PBXVariantGroup section */
		848CE7541D3BB64500558E9E /* Main.storyboard */ = {
			isa = PBXVariantGroup;
			children = (
				848CE7551D3BB64500558E9E /* Base */,
			);
			name = Main.storyboard;
			sourceTree = "<group>";
		};
		848CE75C1D3BB64500558E9E /* LaunchScreen.storyboard */ = {
			isa = PBXVariantGroup;
			children = (
				848CE75D1D3BB64500558E9E /* Base */,
			);
			name = LaunchScreen.storyboard;
			sourceTree = "<group>";
		};
/* End PBXVariantGroup section */

/* Begin XCBuildConfiguration section */
		848CE7761D3BB64500558E9E /* Debug */ = {
			isa = XCBuildConfiguration;
			buildSettings = {
				ALWAYS_SEARCH_USER_PATHS = NO;
				CLANG_ANALYZER_NONNULL = YES;
				CLANG_CXX_LANGUAGE_STANDARD = "gnu++0x";
				CLANG_CXX_LIBRARY = "libc++";
				CLANG_ENABLE_MODULES = YES;
				CLANG_ENABLE_OBJC_ARC = YES;
				CLANG_WARN_BOOL_CONVERSION = YES;
				CLANG_WARN_CONSTANT_CONVERSION = YES;
				CLANG_WARN_DIRECT_OBJC_ISA_USAGE = YES_ERROR;
				CLANG_WARN_EMPTY_BODY = YES;
				CLANG_WARN_ENUM_CONVERSION = YES;
				CLANG_WARN_INT_CONVERSION = YES;
				CLANG_WARN_OBJC_ROOT_CLASS = YES_ERROR;
				CLANG_WARN_UNREACHABLE_CODE = YES;
				CLANG_WARN__DUPLICATE_METHOD_MATCH = YES;
				"CODE_SIGN_IDENTITY[sdk=iphoneos*]" = "iPhone Developer";
				COPY_PHASE_STRIP = NO;
				DEBUG_INFORMATION_FORMAT = dwarf;
				ENABLE_STRICT_OBJC_MSGSEND = YES;
				ENABLE_TESTABILITY = YES;
				GCC_C_LANGUAGE_STANDARD = gnu99;
				GCC_DYNAMIC_NO_PIC = NO;
				GCC_NO_COMMON_BLOCKS = YES;
				GCC_OPTIMIZATION_LEVEL = 0;
				GCC_PREPROCESSOR_DEFINITIONS = (
					"DEBUG=1",
					"$(inherited)",
				);
				GCC_WARN_64_TO_32_BIT_CONVERSION = YES;
				GCC_WARN_ABOUT_RETURN_TYPE = YES_ERROR;
				GCC_WARN_UNDECLARED_SELECTOR = YES;
				GCC_WARN_UNINITIALIZED_AUTOS = YES_AGGRESSIVE;
				GCC_WARN_UNUSED_FUNCTION = YES;
				GCC_WARN_UNUSED_VARIABLE = YES;
				IPHONEOS_DEPLOYMENT_TARGET = 9.3;
				MTL_ENABLE_DEBUG_INFO = YES;
				ONLY_ACTIVE_ARCH = YES;
				SDKROOT = iphoneos;
				SWIFT_OPTIMIZATION_LEVEL = "-Onone";
				TARGETED_DEVICE_FAMILY = "1,2";
			};
			name = Debug;
		};
		848CE7771D3BB64500558E9E /* Release */ = {
			isa = XCBuildConfiguration;
			buildSettings = {
				ALWAYS_SEARCH_USER_PATHS = NO;
				CLANG_ANALYZER_NONNULL = YES;
				CLANG_CXX_LANGUAGE_STANDARD = "gnu++0x";
				CLANG_CXX_LIBRARY = "libc++";
				CLANG_ENABLE_MODULES = YES;
				CLANG_ENABLE_OBJC_ARC = YES;
				CLANG_WARN_BOOL_CONVERSION = YES;
				CLANG_WARN_CONSTANT_CONVERSION = YES;
				CLANG_WARN_DIRECT_OBJC_ISA_USAGE = YES_ERROR;
				CLANG_WARN_EMPTY_BODY = YES;
				CLANG_WARN_ENUM_CONVERSION = YES;
				CLANG_WARN_INT_CONVERSION = YES;
				CLANG_WARN_OBJC_ROOT_CLASS = YES_ERROR;
				CLANG_WARN_UNREACHABLE_CODE = YES;
				CLANG_WARN__DUPLICATE_METHOD_MATCH = YES;
				"CODE_SIGN_IDENTITY[sdk=iphoneos*]" = "iPhone Developer";
				COPY_PHASE_STRIP = NO;
				DEBUG_INFORMATION_FORMAT = "dwarf-with-dsym";
				ENABLE_NS_ASSERTIONS = NO;
				ENABLE_STRICT_OBJC_MSGSEND = YES;
				GCC_C_LANGUAGE_STANDARD = gnu99;
				GCC_NO_COMMON_BLOCKS = YES;
				GCC_WARN_64_TO_32_BIT_CONVERSION = YES;
				GCC_WARN_ABOUT_RETURN_TYPE = YES_ERROR;
				GCC_WARN_UNDECLARED_SELECTOR = YES;
				GCC_WARN_UNINITIALIZED_AUTOS = YES_AGGRESSIVE;
				GCC_WARN_UNUSED_FUNCTION = YES;
				GCC_WARN_UNUSED_VARIABLE = YES;
				IPHONEOS_DEPLOYMENT_TARGET = 9.3;
				MTL_ENABLE_DEBUG_INFO = NO;
				SDKROOT = iphoneos;
				TARGETED_DEVICE_FAMILY = "1,2";
				VALIDATE_PRODUCT = YES;
			};
			name = Release;
		};
		848CE7791D3BB64500558E9E /* Debug */ = {
			isa = XCBuildConfiguration;
			baseConfigurationReference = 6EB910AAD84334FA20D8DCD3 /* Pods-Inco.debug.xcconfig */;
			buildSettings = {
				ASSETCATALOG_COMPILER_APPICON_NAME = AppIcon;
				CLANG_ENABLE_MODULES = YES;
				CODE_SIGN_IDENTITY = "iPhone Developer";
				"CODE_SIGN_IDENTITY[sdk=iphoneos*]" = "iPhone Developer";
				INFOPLIST_FILE = Inco/Info.plist;
				IPHONEOS_DEPLOYMENT_TARGET = 8.0;
				LD_RUNPATH_SEARCH_PATHS = "$(inherited) @executable_path/Frameworks";
				PRODUCT_BUNDLE_IDENTIFIER = vn.bansac.Inco;
				PRODUCT_NAME = "$(TARGET_NAME)";
				PROVISIONING_PROFILE = "";
				SWIFT_OBJC_BRIDGING_HEADER = "Inco/Inco-Bridging-Header.h";
				SWIFT_OPTIMIZATION_LEVEL = "-Onone";
			};
			name = Debug;
		};
		848CE77A1D3BB64500558E9E /* Release */ = {
			isa = XCBuildConfiguration;
			baseConfigurationReference = 0BA78AB88C24EF78B9A14121 /* Pods-Inco.release.xcconfig */;
			buildSettings = {
				ASSETCATALOG_COMPILER_APPICON_NAME = AppIcon;
				CLANG_ENABLE_MODULES = YES;
				CODE_SIGN_IDENTITY = "iPhone Developer";
				"CODE_SIGN_IDENTITY[sdk=iphoneos*]" = "iPhone Developer";
				INFOPLIST_FILE = Inco/Info.plist;
				IPHONEOS_DEPLOYMENT_TARGET = 8.0;
				LD_RUNPATH_SEARCH_PATHS = "$(inherited) @executable_path/Frameworks";
				PRODUCT_BUNDLE_IDENTIFIER = vn.bansac.Inco;
				PRODUCT_NAME = "$(TARGET_NAME)";
				PROVISIONING_PROFILE = "";
				SWIFT_OBJC_BRIDGING_HEADER = "Inco/Inco-Bridging-Header.h";
			};
			name = Release;
		};
		848CE77C1D3BB64500558E9E /* Debug */ = {
			isa = XCBuildConfiguration;
			baseConfigurationReference = 187B95D9107FBDC31038F979 /* Pods-IncoTests.debug.xcconfig */;
			buildSettings = {
				BUNDLE_LOADER = "$(TEST_HOST)";
				INFOPLIST_FILE = IncoTests/Info.plist;
				LD_RUNPATH_SEARCH_PATHS = "$(inherited) @executable_path/Frameworks @loader_path/Frameworks";
				PRODUCT_BUNDLE_IDENTIFIER = vn.bansac.IncoTests;
				PRODUCT_NAME = "$(TARGET_NAME)";
				TEST_HOST = "$(BUILT_PRODUCTS_DIR)/Inco.app/Inco";
			};
			name = Debug;
		};
		848CE77D1D3BB64500558E9E /* Release */ = {
			isa = XCBuildConfiguration;
			baseConfigurationReference = 3566CFB4E8534B8ECBCC09AF /* Pods-IncoTests.release.xcconfig */;
			buildSettings = {
				BUNDLE_LOADER = "$(TEST_HOST)";
				INFOPLIST_FILE = IncoTests/Info.plist;
				LD_RUNPATH_SEARCH_PATHS = "$(inherited) @executable_path/Frameworks @loader_path/Frameworks";
				PRODUCT_BUNDLE_IDENTIFIER = vn.bansac.IncoTests;
				PRODUCT_NAME = "$(TARGET_NAME)";
				TEST_HOST = "$(BUILT_PRODUCTS_DIR)/Inco.app/Inco";
			};
			name = Release;
		};
		848CE77F1D3BB64500558E9E /* Debug */ = {
			isa = XCBuildConfiguration;
			baseConfigurationReference = 79BAA288602D22EBF747F872 /* Pods-IncoUITests.debug.xcconfig */;
			buildSettings = {
				INFOPLIST_FILE = IncoUITests/Info.plist;
				LD_RUNPATH_SEARCH_PATHS = "$(inherited) @executable_path/Frameworks @loader_path/Frameworks";
				PRODUCT_BUNDLE_IDENTIFIER = vn.bansac.IncoUITests;
				PRODUCT_NAME = "$(TARGET_NAME)";
				TEST_TARGET_NAME = Inco;
			};
			name = Debug;
		};
		848CE7801D3BB64500558E9E /* Release */ = {
			isa = XCBuildConfiguration;
			baseConfigurationReference = 7C187C2B21BBE80532735970 /* Pods-IncoUITests.release.xcconfig */;
			buildSettings = {
				INFOPLIST_FILE = IncoUITests/Info.plist;
				LD_RUNPATH_SEARCH_PATHS = "$(inherited) @executable_path/Frameworks @loader_path/Frameworks";
				PRODUCT_BUNDLE_IDENTIFIER = vn.bansac.IncoUITests;
				PRODUCT_NAME = "$(TARGET_NAME)";
				TEST_TARGET_NAME = Inco;
			};
			name = Release;
		};
/* End XCBuildConfiguration section */

/* Begin XCConfigurationList section */
		848CE7481D3BB64500558E9E /* Build configuration list for PBXProject "Inco" */ = {
			isa = XCConfigurationList;
			buildConfigurations = (
				848CE7761D3BB64500558E9E /* Debug */,
				848CE7771D3BB64500558E9E /* Release */,
			);
			defaultConfigurationIsVisible = 0;
			defaultConfigurationName = Release;
		};
		848CE7781D3BB64500558E9E /* Build configuration list for PBXNativeTarget "Inco" */ = {
			isa = XCConfigurationList;
			buildConfigurations = (
				848CE7791D3BB64500558E9E /* Debug */,
				848CE77A1D3BB64500558E9E /* Release */,
			);
			defaultConfigurationIsVisible = 0;
			defaultConfigurationName = Release;
		};
		848CE77B1D3BB64500558E9E /* Build configuration list for PBXNativeTarget "IncoTests" */ = {
			isa = XCConfigurationList;
			buildConfigurations = (
				848CE77C1D3BB64500558E9E /* Debug */,
				848CE77D1D3BB64500558E9E /* Release */,
			);
			defaultConfigurationIsVisible = 0;
			defaultConfigurationName = Release;
		};
		848CE77E1D3BB64500558E9E /* Build configuration list for PBXNativeTarget "IncoUITests" */ = {
			isa = XCConfigurationList;
			buildConfigurations = (
				848CE77F1D3BB64500558E9E /* Debug */,
				848CE7801D3BB64500558E9E /* Release */,
			);
			defaultConfigurationIsVisible = 0;
			defaultConfigurationName = Release;
		};
/* End XCConfigurationList section */

/* Begin XCVersionGroup section */
		848CE7571D3BB64500558E9E /* Inco.xcdatamodeld */ = {
			isa = XCVersionGroup;
			children = (
				848CE7581D3BB64500558E9E /* Inco.xcdatamodel */,
			);
			currentVersion = 848CE7581D3BB64500558E9E /* Inco.xcdatamodel */;
			path = Inco.xcdatamodeld;
			sourceTree = "<group>";
			versionGroupType = wrapper.xcdatamodel;
		};
/* End XCVersionGroup section */
	};
	rootObject = 848CE7451D3BB64500558E9E /* Project object */;
}
